
Microsoft Visual Studio Solution File, Format Version 12.00
# Visual Studio Version 17
VisualStudioVersion = 17.0.32126.317
MinimumVisualStudioVersion = 10.0.40219.1
Project("{FAE04EC0-301F-11D3-BF4B-00C04F79EFBC}") = "Logistica-Estoque", "Logistica-Estoque\Logistica-Estoque.csproj", "{6F8626AE-FD1D-49D7-835B-7D46DD488FBE}"
EndProject
Global
	GlobalSection(SolutionConfigurationPlatforms) = preSolution
		Debug|Any CPU = Debug|Any CPU
		Release|Any CPU = Release|Any CPU
	EndGlobalSection
	GlobalSection(ProjectConfigurationPlatforms) = postSolution
		{6F8626AE-FD1D-49D7-835B-7D46DD488FBE}.Debug|Any CPU.ActiveCfg = Debug|Any CPU
		{6F8626AE-FD1D-49D7-835B-7D46DD488FBE}.Debug|Any CPU.Build.0 = Debug|Any CPU
		{6F8626AE-FD1D-49D7-835B-7D46DD488FBE}.Release|Any CPU.ActiveCfg = Release|Any CPU
		{6F8626AE-FD1D-49D7-835B-7D46DD488FBE}.Release|Any CPU.Build.0 = Release|Any CPU
	EndGlobalSection
	GlobalSection(SolutionProperties) = preSolution
		HideSolutionNode = FALSE
	EndGlobalSection
	GlobalSection(ExtensibilityGlobals) = postSolution
		SolutionGuid = {F9E0BF18-660C-4FD8-9853-EFD5A5F622B9}
	EndGlobalSection
EndGlobal
